<?xml version="1.0" encoding="utf-8"?>
<Project ToolsVersion="4.0" xmlns="http://schemas.microsoft.com/developer/msbuild/2003">
  <ItemGroup>
    <Filter Include="Resource Files">
      <UniqueIdentifier>{67DA6AB6-F800-4c08-8B7A-83BB121AAD01}</UniqueIdentifier>
      <Extensions>rc;ico;cur;bmp;dlg;rc2;rct;bin;rgs;gif;jpg;jpeg;jpe;resx;tiff;tif;png;wav;mfcribbon-ms</Extensions>
    </Filter>
    <Filter Include="General Files">
      <UniqueIdentifier>{4FC737F1-C7A5-4376-A066-2A32D752A2FF}</UniqueIdentifier>
      <Extensions>cpp;c;cc;cxx;c++;cppm;ixx;def;odl;idl;hpj;bat;asm;asmx</Extensions>
    </Filter>
    <Filter Include="Components">
      <UniqueIdentifier>{93995380-89BD-4b04-88EB-625FBE52EBFB}</UniqueIdentifier>
      <Extensions>h;hh;hpp;hxx;h++;hm;inl;inc;ipp;xsd</Extensions>
    </Filter>
    <Filter Include="Commands">
      <UniqueIdentifier>{b97fa60b-deba-446d-b49c-357cd11fdd49}</UniqueIdentifier>
    </Filter>
    <Filter Include="Components\Player">
      <UniqueIdentifier>{4bb21329-b880-4e3f-9cd3-24d5e0568bdb}</UniqueIdentifier>
    </Filter>
    <Filter Include="Components\Enemies">
      <UniqueIdentifier>{9f3abd0a-6455-4e6b-b519-aeacb0582fa0}</UniqueIdentifier>
    </Filter>
    <Filter Include="Components\General">
      <UniqueIdentifier>{f9479990-da93-4e53-89fe-009aa8bed5f4}</UniqueIdentifier>
    </Filter>
    <Filter Include="Components\Sound">
      <UniqueIdentifier>{02d7e06a-70fa-45a2-a713-30dadc121358}</UniqueIdentifier>
    </Filter>
    <Filter Include="Components\UI">
      <UniqueIdentifier>{655822d0-edfe-43dd-92c2-309683fcc71f}</UniqueIdentifier>
    </Filter>
    <Filter Include="GameStates">
      <UniqueIdentifier>{dee15c5b-1560-420e-a7ba-a1a66f7b797c}</UniqueIdentifier>
    </Filter>
  </ItemGroup>
  <ItemGroup>
    <ClCompile Include="Galaga.cpp">
      <Filter>General Files</Filter>
    </ClCompile>
    <ClCompile Include="Game.cpp">
      <Filter>General Files</Filter>
    </ClCompile>
    <ClCompile Include="KillCommand.cpp">
      <Filter>Commands</Filter>
    </ClCompile>
    <ClCompile Include="MoveCommand.cpp">
      <Filter>Commands</Filter>
    </ClCompile>
    <ClCompile Include="ParallaxScrollingCP.cpp">
      <Filter>Components</Filter>
    </ClCompile>
    <ClCompile Include="MissileCP.cpp">
      <Filter>Components</Filter>
    </ClCompile>
    <ClCompile Include="ShootCommand.cpp">
      <Filter>Commands</Filter>
    </ClCompile>
    <ClCompile Include="MissileManagerCP.cpp">
      <Filter>Components</Filter>
    </ClCompile>
    <ClCompile Include="EnemyCP.cpp">
      <Filter>Components\Enemies</Filter>
    </ClCompile>
    <ClCompile Include="PlayerCP.cpp">
      <Filter>Components\Player</Filter>
    </ClCompile>
    <ClCompile Include="PlayerInputCP.cpp">
      <Filter>Components\Player</Filter>
    </ClCompile>
    <ClCompile Include="LivesUIComponent.cpp">
      <Filter>Components\Player</Filter>
    </ClCompile>
    <ClCompile Include="FormationCP.cpp">
      <Filter>Components\Enemies</Filter>
    </ClCompile>
    <ClCompile Include="AI_BeeCP.cpp">
      <Filter>Components\Enemies</Filter>
    </ClCompile>
    <ClCompile Include="FormationReaderCP.cpp">
      <Filter>Components\Enemies</Filter>
    </ClCompile>
    <ClCompile Include="AI_FormationCP.cpp">
      <Filter>Components\Enemies</Filter>
    </ClCompile>
    <ClCompile Include="MoveComponent.cpp">
      <Filter>Components\General</Filter>
    </ClCompile>
    <ClCompile Include="RotatorComponent.cpp">
      <Filter>Components\General</Filter>
    </ClCompile>
    <ClCompile Include="AI_ButterflyCP.cpp">
      <Filter>Components\Enemies</Filter>
    </ClCompile>
    <ClCompile Include="AI_GalagaCP.cpp">
      <Filter>Components\Enemies</Filter>
    </ClCompile>
    <ClCompile Include="GameState.cpp">
      <Filter>GameStates</Filter>
    </ClCompile>
    <ClCompile Include="MenuState.cpp">
      <Filter>GameStates</Filter>
    </ClCompile>
    <ClCompile Include="GameplayState.cpp">
      <Filter>GameStates</Filter>
    </ClCompile>
    <ClCompile Include="StartCommand.cpp">
      <Filter>Commands</Filter>
    </ClCompile>
    <ClCompile Include="GameCP.cpp">
      <Filter>General Files</Filter>
    </ClCompile>
    <ClCompile Include="MenuSelectionCommand.cpp">
      <Filter>Commands</Filter>
    </ClCompile>
    <ClCompile Include="TextComponent.cpp">
      <Filter>Components\UI</Filter>
    </ClCompile>
    <ClCompile Include="MenuSelectionCP.cpp">
      <Filter>Components\UI</Filter>
    </ClCompile>
    <ClCompile Include="HealthComponent.cpp">
      <Filter>Components\General</Filter>
    </ClCompile>
    <ClCompile Include="PlayerScoreCP.cpp">
      <Filter>Components\Player</Filter>
    </ClCompile>
    <ClCompile Include="GameOverState.cpp">
      <Filter>GameStates</Filter>
    </ClCompile>
  </ItemGroup>
  <ItemGroup>
    <ClInclude Include="MoveCommand.h">
      <Filter>Commands</Filter>
    </ClInclude>
    <ClInclude Include="KillCommand.h">
      <Filter>Commands</Filter>
    </ClInclude>
    <ClInclude Include="Game.h">
      <Filter>General Files</Filter>
    </ClInclude>
    <ClInclude Include="ParallaxScrollingCP.h">
      <Filter>Components</Filter>
    </ClInclude>
    <ClInclude Include="MissileCP.h">
      <Filter>Components</Filter>
    </ClInclude>
    <ClInclude Include="GameIncludes.h">
      <Filter>General Files</Filter>
    </ClInclude>
    <ClInclude Include="ShootCommand.h">
      <Filter>Commands</Filter>
    </ClInclude>
    <ClInclude Include="MissileManagerCP.h">
      <Filter>Components</Filter>
    </ClInclude>
    <ClInclude Include="EnemyCP.h">
      <Filter>Components\Enemies</Filter>
    </ClInclude>
    <ClInclude Include="PlayerCP.h">
      <Filter>Components\Player</Filter>
    </ClInclude>
    <ClInclude Include="PlayerInputCP.h">
      <Filter>Components\Player</Filter>
    </ClInclude>
    <ClInclude Include="LivesUIComponent.h">
      <Filter>Components\Player</Filter>
    </ClInclude>
    <ClInclude Include="FormationCP.h">
      <Filter>Components\Enemies</Filter>
    </ClInclude>
    <ClInclude Include="AI_BeeCP.h">
      <Filter>Components\Enemies</Filter>
    </ClInclude>
    <ClInclude Include="FormationReaderCP.h">
      <Filter>Components\Enemies</Filter>
    </ClInclude>
    <ClInclude Include="AI_FormationCP.h">
      <Filter>Components\Enemies</Filter>
    </ClInclude>
    <ClInclude Include="SoundIDs.h">
      <Filter>Components\Sound</Filter>
    </ClInclude>
    <ClInclude Include="MoveComponent.h">
      <Filter>Components\General</Filter>
    </ClInclude>
    <ClInclude Include="RotatorComponent.h">
      <Filter>Components\General</Filter>
    </ClInclude>
    <ClInclude Include="AI_ButterflyCP.h">
      <Filter>Components\Enemies</Filter>
    </ClInclude>
    <ClInclude Include="AI_GalagaCP.h">
      <Filter>Components\Enemies</Filter>
    </ClInclude>
    <ClInclude Include="GameState.h">
      <Filter>GameStates</Filter>
    </ClInclude>
    <ClInclude Include="MenuState.h">
      <Filter>GameStates</Filter>
    </ClInclude>
    <ClInclude Include="GameplayState.h">
      <Filter>GameStates</Filter>
    </ClInclude>
    <ClInclude Include="StartCommand.h">
      <Filter>Commands</Filter>
    </ClInclude>
    <ClInclude Include="GameCP.h">
      <Filter>General Files</Filter>
    </ClInclude>
    <ClInclude Include="MenuSelectionCommand.h">
      <Filter>Commands</Filter>
    </ClInclude>
    <ClInclude Include="TextComponent.h">
      <Filter>Components\UI</Filter>
    </ClInclude>
    <ClInclude Include="MenuSelectionCP.h">
      <Filter>Components\UI</Filter>
    </ClInclude>
    <ClInclude Include="Resources.h">
      <Filter>General Files</Filter>
    </ClInclude>
    <ClInclude Include="GalagaStrings.h">
      <Filter>General Files</Filter>
    </ClInclude>
    <ClInclude Include="HealthComponent.h">
      <Filter>Components\General</Filter>
    </ClInclude>
    <ClInclude Include="PlayerScoreCP.h">
      <Filter>Components\Player</Filter>
    </ClInclude>
    <ClInclude Include="GameOverState.h">
      <Filter>GameStates</Filter>
    </ClInclude>
  </ItemGroup>
  <ItemGroup>
    <None Include="imgui.ini" />
  </ItemGroup>
</Project>